
Microsoft Visual Studio Solution File, Format Version 12.00
# Visual Studio Version 16
VisualStudioVersion = 16.0.29613.14
MinimumVisualStudioVersion = 10.0.40219.1
Project("{FAE04EC0-301F-11D3-BF4B-00C04F79EFBC}") = "LOL Name Checker", "LOL Name Checker\LOL Name Checker.csproj", "{40EDE241-AA49-4908-84CF-3574438D5F98}"
EndProject
Global
	GlobalSection(SolutionConfigurationPlatforms) = preSolution
		Debug|Any CPU = Debug|Any CPU
		Release|Any CPU = Release|Any CPU
	EndGlobalSection
	GlobalSection(ProjectConfigurationPlatforms) = postSolution
		{40EDE241-AA49-4908-84CF-3574438D5F98}.Debug|Any CPU.ActiveCfg = Debug|Any CPU
		{40EDE241-AA49-4908-84CF-3574438D5F98}.Debug|Any CPU.Build.0 = Debug|Any CPU
		{40EDE241-AA49-4908-84CF-3574438D5F98}.Release|Any CPU.ActiveCfg = Release|Any CPU
		{40EDE241-AA49-4908-84CF-3574438D5F98}.Release|Any CPU.Build.0 = Release|Any CPU
	EndGlobalSection
	GlobalSection(SolutionProperties) = preSolution
		HideSolutionNode = FALSE
	EndGlobalSection
	GlobalSection(ExtensibilityGlobals) = postSolution
		SolutionGuid = {88CD8FC1-CA89-4716-A770-5275A5AA8502}
	EndGlobalSection
EndGlobal
